
Microsoft Visual Studio Solution File, Format Version 12.00
# Visual Studio Version 17
VisualStudioVersion = 17.9.34622.214
MinimumVisualStudioVersion = 10.0.40219.1
Project("{8BC9CEB8-8B4A-11D0-8D11-00A0C91BC942}") = "Graphics_Sandbox", "Graphics_Sandbox\Graphics_Sandbox.vcxproj", "{0719156F-03D6-4AA0-B581-7AAB1A07BD1D}"
EndProject
Project("{8BC9CEB8-8B4A-11D0-8D11-00A0C91BC942}") = "Hashing", "Hashing\Hashing.vcxproj", "{014E1CE2-7679-4E6B-B232-1CEADD82A5FE}"
EndProject
Project("{8BC9CEB8-8B4A-11D0-8D11-00A0C91BC942}") = "imgui", "imgui\imgui.vcxproj", "{8A7C6BC2-1C55-47E2-8A91-7BD31FAD9194}"
EndProject
Global
	GlobalSection(SolutionConfigurationPlatforms) = preSolution
		Debug|x64 = Debug|x64
		Debug|x86 = Debug|x86
		Release|x64 = Release|x64
		Release|x86 = Release|x86
	EndGlobalSection
	GlobalSection(ProjectConfigurationPlatforms) = postSolution
		{014E1CE2-7679-4E6B-B232-1CEADD82A5FE}.Debug|x64.ActiveCfg = Debug|x64
		{014E1CE2-7679-4E6B-B232-1CEADD82A5FE}.Debug|x64.Build.0 = Debug|x64
		{014E1CE2-7679-4E6B-B232-1CEADD82A5FE}.Debug|x86.ActiveCfg = Debug|Win32
		{014E1CE2-7679-4E6B-B232-1CEADD82A5FE}.Debug|x86.Build.0 = Debug|Win32
		{014E1CE2-7679-4E6B-B232-1CEADD82A5FE}.Release|x64.ActiveCfg = Release|x64
		{014E1CE2-7679-4E6B-B232-1CEADD82A5FE}.Release|x64.Build.0 = Release|x64
		{014E1CE2-7679-4E6B-B232-1CEADD82A5FE}.Release|x86.ActiveCfg = Release|Win32
		{014E1CE2-7679-4E6B-B232-1CEADD82A5FE}.Release|x86.Build.0 = Release|Win32
		{0719156F-03D6-4AA0-B581-7AAB1A07BD1D}.Debug|x64.ActiveCfg = Debug|x64
		{0719156F-03D6-4AA0-B581-7AAB1A07BD1D}.Debug|x64.Build.0 = Debug|x64
		{0719156F-03D6-4AA0-B581-7AAB1A07BD1D}.Debug|x86.ActiveCfg = Debug|Win32
		{0719156F-03D6-4AA0-B581-7AAB1A07BD1D}.Debug|x86.Build.0 = Debug|Win32
		{0719156F-03D6-4AA0-B581-7AAB1A07BD1D}.Release|x64.ActiveCfg = Release|x64
		{0719156F-03D6-4AA0-B581-7AAB1A07BD1D}.Release|x64.Build.0 = Release|x64
		{0719156F-03D6-4AA0-B581-7AAB1A07BD1D}.Release|x86.ActiveCfg = Release|Win32
		{0719156F-03D6-4AA0-B581-7AAB1A07BD1D}.Release|x86.Build.0 = Release|Win32
		{8A7C6BC2-1C55-47E2-8A91-7BD31FAD9194}.Debug|x64.ActiveCfg = Debug|x64
		{8A7C6BC2-1C55-47E2-8A91-7BD31FAD9194}.Debug|x64.Build.0 = Debug|x64
		{8A7C6BC2-1C55-47E2-8A91-7BD31FAD9194}.Debug|x86.ActiveCfg = Debug|Win32
		{8A7C6BC2-1C55-47E2-8A91-7BD31FAD9194}.Debug|x86.Build.0 = Debug|Win32
		{8A7C6BC2-1C55-47E2-8A91-7BD31FAD9194}.Release|x64.ActiveCfg = Release|x64
		{8A7C6BC2-1C55-47E2-8A91-7BD31FAD9194}.Release|x64.Build.0 = Release|x64
		{8A7C6BC2-1C55-47E2-8A91-7BD31FAD9194}.Release|x86.ActiveCfg = Release|Win32
		{8A7C6BC2-1C55-47E2-8A91-7BD31FAD9194}.Release|x86.Build.0 = Release|Win32
	EndGlobalSection
	GlobalSection(SolutionProperties) = preSolution
		HideSolutionNode = FALSE
	EndGlobalSection
	GlobalSection(ExtensibilityGlobals) = postSolution
		SolutionGuid = {513F22BB-054A-4624-BD1C-7A6025C1991B}
	EndGlobalSection
EndGlobal
